{
  "name": "lefthook",
  "version": "1.0.0",
  "lockfileVersion": 2,
  "requires": true,
  "packages": {
    "": {
      "name": "lefthook",
      "version": "1.0.0",
      "license": "ISC",
      "devDependencies": {
        "@evilmartians/lefthook": "^1.0.5"
      }
    },
    "node_modules/@evilmartians/lefthook": {
      "version": "1.0.5",
      "resolved": "https://registry.npmjs.org/@evilmartians/lefthook/-/lefthook-1.0.5.tgz",
      "integrity": "sha512-DgRGCAeMPdtuCSYjm/E3xWCezL+wwDhIa4AFiwJWysIZOTZZh5KTIRPUUXWgGp+WL87sLjrQNecn3zidzo8iUA==",
      "cpu": [
        "x64",
        "arm64",
        "ia32"
      ],
      "dev": true,
      "hasInstallScript": true,
      "os": [
        "darwin",
        "linux",
        "win32"
      ],
      "bin": {
        "lefthook": "bin/index.js"
      }
    }
  },
  "dependencies": {
    "@evilmartians/lefthook": {
      "version": "1.0.5",
      "resolved": "https://registry.npmjs.org/@evilmartians/lefthook/-/lefthook-1.0.5.tgz",
      "integrity": "sha512-DgRGCAeMPdtuCSYjm/E3xWCezL+wwDhIa4AFiwJWysIZOTZZh5KTIRPUUXWgGp+WL87sLjrQNecn3zidzo8iUA==",
      "dev": true
    }
  }
}
